
Microsoft Visual Studio Solution File, Format Version 12.00
# Visual Studio Version 16
VisualStudioVersion = 16.0.30413.136
MinimumVisualStudioVersion = 10.0.40219.1
Project("{FAE04EC0-301F-11D3-BF4B-00C04F79EFBC}") = "Saipos_ToDo.API", "Saipos_ToDo.API\Saipos_ToDo.API.csproj", "{C901A212-6B9D-4EDE-AE95-62B45DD57D52}"
EndProject
Project("{FAE04EC0-301F-11D3-BF4B-00C04F79EFBC}") = "Saipos_ToDo.Domain", "Saipos_ToDo.Domain\Saipos_ToDo.Domain.csproj", "{C1D47444-F58C-49A7-9422-FC6014913D2A}"
EndProject
Project("{FAE04EC0-301F-11D3-BF4B-00C04F79EFBC}") = "Saipos_ToDo.Infra", "Saipos_ToDo.Infra\Saipos_ToDo.Infra.csproj", "{22543ACE-508E-4575-A34B-D39B569B2774}"
EndProject
Project("{FAE04EC0-301F-11D3-BF4B-00C04F79EFBC}") = "Saipos_ToDo.Test", "Saipos_ToDo.Test\Saipos_ToDo.Test.csproj", "{0860FE39-E302-420F-BF31-3502884EF0FA}"
EndProject
Project("{FAE04EC0-301F-11D3-BF4B-00C04F79EFBC}") = "Saipos_ToDo.Crosscutting", "Saipos_ToDo.Crosscutting\Saipos_ToDo.Crosscutting.csproj", "{B9235968-DA42-4B3B-B5BE-B04836F899FA}"
EndProject
Global
	GlobalSection(SolutionConfigurationPlatforms) = preSolution
		Debug|Any CPU = Debug|Any CPU
		Release|Any CPU = Release|Any CPU
	EndGlobalSection
	GlobalSection(ProjectConfigurationPlatforms) = postSolution
		{C901A212-6B9D-4EDE-AE95-62B45DD57D52}.Debug|Any CPU.ActiveCfg = Debug|Any CPU
		{C901A212-6B9D-4EDE-AE95-62B45DD57D52}.Debug|Any CPU.Build.0 = Debug|Any CPU
		{C901A212-6B9D-4EDE-AE95-62B45DD57D52}.Release|Any CPU.ActiveCfg = Release|Any CPU
		{C901A212-6B9D-4EDE-AE95-62B45DD57D52}.Release|Any CPU.Build.0 = Release|Any CPU
		{C1D47444-F58C-49A7-9422-FC6014913D2A}.Debug|Any CPU.ActiveCfg = Debug|Any CPU
		{C1D47444-F58C-49A7-9422-FC6014913D2A}.Debug|Any CPU.Build.0 = Debug|Any CPU
		{C1D47444-F58C-49A7-9422-FC6014913D2A}.Release|Any CPU.ActiveCfg = Release|Any CPU
		{C1D47444-F58C-49A7-9422-FC6014913D2A}.Release|Any CPU.Build.0 = Release|Any CPU
		{22543ACE-508E-4575-A34B-D39B569B2774}.Debug|Any CPU.ActiveCfg = Debug|Any CPU
		{22543ACE-508E-4575-A34B-D39B569B2774}.Debug|Any CPU.Build.0 = Debug|Any CPU
		{22543ACE-508E-4575-A34B-D39B569B2774}.Release|Any CPU.ActiveCfg = Release|Any CPU
		{22543ACE-508E-4575-A34B-D39B569B2774}.Release|Any CPU.Build.0 = Release|Any CPU
		{0860FE39-E302-420F-BF31-3502884EF0FA}.Debug|Any CPU.ActiveCfg = Debug|Any CPU
		{0860FE39-E302-420F-BF31-3502884EF0FA}.Debug|Any CPU.Build.0 = Debug|Any CPU
		{0860FE39-E302-420F-BF31-3502884EF0FA}.Release|Any CPU.ActiveCfg = Release|Any CPU
		{0860FE39-E302-420F-BF31-3502884EF0FA}.Release|Any CPU.Build.0 = Release|Any CPU
		{B9235968-DA42-4B3B-B5BE-B04836F899FA}.Debug|Any CPU.ActiveCfg = Debug|Any CPU
		{B9235968-DA42-4B3B-B5BE-B04836F899FA}.Debug|Any CPU.Build.0 = Debug|Any CPU
		{B9235968-DA42-4B3B-B5BE-B04836F899FA}.Release|Any CPU.ActiveCfg = Release|Any CPU
		{B9235968-DA42-4B3B-B5BE-B04836F899FA}.Release|Any CPU.Build.0 = Release|Any CPU
	EndGlobalSection
	GlobalSection(SolutionProperties) = preSolution
		HideSolutionNode = FALSE
	EndGlobalSection
	GlobalSection(ExtensibilityGlobals) = postSolution
		SolutionGuid = {11804F07-AA38-42F9-94C3-1CEEEC0BDDB8}
	EndGlobalSection
EndGlobal
